
Microsoft Visual Studio Solution File, Format Version 12.00
# Visual Studio Version 16
VisualStudioVersion = 16.0.30717.126
MinimumVisualStudioVersion = 10.0.40219.1
Project("{FAE04EC0-301F-11D3-BF4B-00C04F79EFBC}") = "SkinnyControllersCommon", "SkinnyControllersCommon\SkinnyControllersCommon.csproj", "{0E28F2F3-F84C-4EEC-89F8-7CA4EA07B7BA}"
EndProject
Project("{FAE04EC0-301F-11D3-BF4B-00C04F79EFBC}") = "SkinnyControllersGenerator", "SkinnyControllersGenerator\SkinnyControllersGenerator.csproj", "{19C35439-74B8-42B7-BC50-3EA57E01CC39}"
EndProject
Project("{FAE04EC0-301F-11D3-BF4B-00C04F79EFBC}") = "SkinnyControllerTest", "SkinnyControllerTest\SkinnyControllerTest.csproj", "{29294431-2AD5-41DE-9257-57F2C5FC9EC6}"
EndProject
Global
	GlobalSection(SolutionConfigurationPlatforms) = preSolution
		Debug|Any CPU = Debug|Any CPU
		Release|Any CPU = Release|Any CPU
	EndGlobalSection
	GlobalSection(ProjectConfigurationPlatforms) = postSolution
		{0E28F2F3-F84C-4EEC-89F8-7CA4EA07B7BA}.Debug|Any CPU.ActiveCfg = Debug|Any CPU
		{0E28F2F3-F84C-4EEC-89F8-7CA4EA07B7BA}.Debug|Any CPU.Build.0 = Debug|Any CPU
		{0E28F2F3-F84C-4EEC-89F8-7CA4EA07B7BA}.Release|Any CPU.ActiveCfg = Release|Any CPU
		{0E28F2F3-F84C-4EEC-89F8-7CA4EA07B7BA}.Release|Any CPU.Build.0 = Release|Any CPU
		{19C35439-74B8-42B7-BC50-3EA57E01CC39}.Debug|Any CPU.ActiveCfg = Debug|Any CPU
		{19C35439-74B8-42B7-BC50-3EA57E01CC39}.Debug|Any CPU.Build.0 = Debug|Any CPU
		{19C35439-74B8-42B7-BC50-3EA57E01CC39}.Release|Any CPU.ActiveCfg = Release|Any CPU
		{19C35439-74B8-42B7-BC50-3EA57E01CC39}.Release|Any CPU.Build.0 = Release|Any CPU
		{29294431-2AD5-41DE-9257-57F2C5FC9EC6}.Debug|Any CPU.ActiveCfg = Debug|Any CPU
		{29294431-2AD5-41DE-9257-57F2C5FC9EC6}.Debug|Any CPU.Build.0 = Debug|Any CPU
		{29294431-2AD5-41DE-9257-57F2C5FC9EC6}.Release|Any CPU.ActiveCfg = Release|Any CPU
		{29294431-2AD5-41DE-9257-57F2C5FC9EC6}.Release|Any CPU.Build.0 = Release|Any CPU
	EndGlobalSection
	GlobalSection(SolutionProperties) = preSolution
		HideSolutionNode = FALSE
	EndGlobalSection
	GlobalSection(ExtensibilityGlobals) = postSolution
		SolutionGuid = {A74CA72D-CCAD-4F9A-8500-F8BBAAC0A425}
	EndGlobalSection
EndGlobal
