
Microsoft Visual Studio Solution File, Format Version 12.00
# Visual Studio Version 16
VisualStudioVersion = 16.0.30804.86
MinimumVisualStudioVersion = 10.0.40219.1
Project("{9A19103F-16F7-4668-BE54-9A1E7A4F7556}") = "AOPMethodsGenerator", "AOPMethods\AOPMethodsGenerator.csproj", "{CEC3E65C-10E1-40F8-A6F2-98FF5B753818}"
EndProject
Project("{9A19103F-16F7-4668-BE54-9A1E7A4F7556}") = "AOPMethodsCommon", "AOPMethodsCommon\AOPMethodsCommon.csproj", "{C518CD65-F5EE-4BEA-AB40-B764DBC7A728}"
EndProject
Project("{9A19103F-16F7-4668-BE54-9A1E7A4F7556}") = "AOPMethodsTest", "AOPMethodsTest\AOPMethodsTest.csproj", "{04BF68DA-147C-45AC-A407-A977F2448E8E}"
EndProject
Project("{FAE04EC0-301F-11D3-BF4B-00C04F79EFBC}") = "AOPBenchMark", "AOPBenchMark\AOPBenchMark.csproj", "{84E365C1-A451-4744-A264-BC9B5C37E89A}"
EndProject
Global
	GlobalSection(SolutionConfigurationPlatforms) = preSolution
		Debug|Any CPU = Debug|Any CPU
		Release|Any CPU = Release|Any CPU
	EndGlobalSection
	GlobalSection(ProjectConfigurationPlatforms) = postSolution
		{CEC3E65C-10E1-40F8-A6F2-98FF5B753818}.Debug|Any CPU.ActiveCfg = Debug|Any CPU
		{CEC3E65C-10E1-40F8-A6F2-98FF5B753818}.Debug|Any CPU.Build.0 = Debug|Any CPU
		{CEC3E65C-10E1-40F8-A6F2-98FF5B753818}.Release|Any CPU.ActiveCfg = Release|Any CPU
		{CEC3E65C-10E1-40F8-A6F2-98FF5B753818}.Release|Any CPU.Build.0 = Release|Any CPU
		{C518CD65-F5EE-4BEA-AB40-B764DBC7A728}.Debug|Any CPU.ActiveCfg = Debug|Any CPU
		{C518CD65-F5EE-4BEA-AB40-B764DBC7A728}.Debug|Any CPU.Build.0 = Debug|Any CPU
		{C518CD65-F5EE-4BEA-AB40-B764DBC7A728}.Release|Any CPU.ActiveCfg = Release|Any CPU
		{C518CD65-F5EE-4BEA-AB40-B764DBC7A728}.Release|Any CPU.Build.0 = Release|Any CPU
		{04BF68DA-147C-45AC-A407-A977F2448E8E}.Debug|Any CPU.ActiveCfg = Debug|Any CPU
		{04BF68DA-147C-45AC-A407-A977F2448E8E}.Debug|Any CPU.Build.0 = Debug|Any CPU
		{04BF68DA-147C-45AC-A407-A977F2448E8E}.Release|Any CPU.ActiveCfg = Release|Any CPU
		{04BF68DA-147C-45AC-A407-A977F2448E8E}.Release|Any CPU.Build.0 = Release|Any CPU
		{84E365C1-A451-4744-A264-BC9B5C37E89A}.Debug|Any CPU.ActiveCfg = Debug|Any CPU
		{84E365C1-A451-4744-A264-BC9B5C37E89A}.Debug|Any CPU.Build.0 = Debug|Any CPU
		{84E365C1-A451-4744-A264-BC9B5C37E89A}.Release|Any CPU.ActiveCfg = Release|Any CPU
		{84E365C1-A451-4744-A264-BC9B5C37E89A}.Release|Any CPU.Build.0 = Release|Any CPU
	EndGlobalSection
	GlobalSection(SolutionProperties) = preSolution
		HideSolutionNode = FALSE
	EndGlobalSection
	GlobalSection(ExtensibilityGlobals) = postSolution
		SolutionGuid = {43B6090A-6A44-4A21-ACE5-510EBF24CF9A}
	EndGlobalSection
EndGlobal
